
Microsoft Visual Studio Solution File, Format Version 12.00
# Visual Studio Version 17
VisualStudioVersion = 17.0.32126.317
MinimumVisualStudioVersion = 10.0.40219.1
Project("{9A19103F-16F7-4668-BE54-9A1E7A4F7556}") = "Plonks.Auth", "Plonks.Authentication\Plonks.Auth.csproj", "{ADE0F356-4B4B-4480-B042-CE4F674B2718}"
EndProject
Project("{FAE04EC0-301F-11D3-BF4B-00C04F79EFBC}") = "Plonks.Boards", "Plonks.Boards\Plonks.Boards.csproj", "{036A2B68-CD83-487A-BE87-B5293F6EBC2D}"
EndProject
Global
	GlobalSection(SolutionConfigurationPlatforms) = preSolution
		Debug|Any CPU = Debug|Any CPU
		Release|Any CPU = Release|Any CPU
	EndGlobalSection
	GlobalSection(ProjectConfigurationPlatforms) = postSolution
		{ADE0F356-4B4B-4480-B042-CE4F674B2718}.Debug|Any CPU.ActiveCfg = Debug|Any CPU
		{ADE0F356-4B4B-4480-B042-CE4F674B2718}.Debug|Any CPU.Build.0 = Debug|Any CPU
		{ADE0F356-4B4B-4480-B042-CE4F674B2718}.Release|Any CPU.ActiveCfg = Release|Any CPU
		{ADE0F356-4B4B-4480-B042-CE4F674B2718}.Release|Any CPU.Build.0 = Release|Any CPU
		{036A2B68-CD83-487A-BE87-B5293F6EBC2D}.Debug|Any CPU.ActiveCfg = Debug|Any CPU
		{036A2B68-CD83-487A-BE87-B5293F6EBC2D}.Debug|Any CPU.Build.0 = Debug|Any CPU
		{036A2B68-CD83-487A-BE87-B5293F6EBC2D}.Release|Any CPU.ActiveCfg = Release|Any CPU
		{036A2B68-CD83-487A-BE87-B5293F6EBC2D}.Release|Any CPU.Build.0 = Release|Any CPU
	EndGlobalSection
	GlobalSection(SolutionProperties) = preSolution
		HideSolutionNode = FALSE
	EndGlobalSection
	GlobalSection(ExtensibilityGlobals) = postSolution
		SolutionGuid = {58B3A645-0ACB-4908-8859-150D152934BF}
	EndGlobalSection
EndGlobal
